
Microsoft Visual Studio Solution File, Format Version 12.00
# Visual Studio 15
VisualStudioVersion = 15.0.28307.1000
MinimumVisualStudioVersion = 10.0.40219.1
Project("{FAE04EC0-301F-11D3-BF4B-00C04F79EFBC}") = "Tutorias2020.Android", "Tutorias2020\Tutorias2020.Android\Tutorias2020.Android.csproj", "{FCD510D8-D777-4CFB-BF99-3B2F432E4665}"
EndProject
Project("{FAE04EC0-301F-11D3-BF4B-00C04F79EFBC}") = "Tutorias2020.iOS", "Tutorias2020\Tutorias2020.iOS\Tutorias2020.iOS.csproj", "{E2C7D983-74EE-4F0D-8672-1E760ABFBB79}"
EndProject
Project("{FAE04EC0-301F-11D3-BF4B-00C04F79EFBC}") = "Tutorias2020", "Tutorias2020\Tutorias2020\Tutorias2020.csproj", "{933B9F99-C2EC-461B-8888-9A2B2CDF709F}"
EndProject
Global
	GlobalSection(SolutionConfigurationPlatforms) = preSolution
		Ad-Hoc|Any CPU = Ad-Hoc|Any CPU
		Ad-Hoc|iPhone = Ad-Hoc|iPhone
		Ad-Hoc|iPhoneSimulator = Ad-Hoc|iPhoneSimulator
		AppStore|Any CPU = AppStore|Any CPU
		AppStore|iPhone = AppStore|iPhone
		AppStore|iPhoneSimulator = AppStore|iPhoneSimulator
		Debug|Any CPU = Debug|Any CPU
		Debug|iPhone = Debug|iPhone
		Debug|iPhoneSimulator = Debug|iPhoneSimulator
		Release|Any CPU = Release|Any CPU
		Release|iPhone = Release|iPhone
		Release|iPhoneSimulator = Release|iPhoneSimulator
	EndGlobalSection
	GlobalSection(ProjectConfigurationPlatforms) = postSolution
		{FCD510D8-D777-4CFB-BF99-3B2F432E4665}.Ad-Hoc|Any CPU.ActiveCfg = Release|Any CPU
		{FCD510D8-D777-4CFB-BF99-3B2F432E4665}.Ad-Hoc|Any CPU.Build.0 = Release|Any CPU
		{FCD510D8-D777-4CFB-BF99-3B2F432E4665}.Ad-Hoc|Any CPU.Deploy.0 = Release|Any CPU
		{FCD510D8-D777-4CFB-BF99-3B2F432E4665}.Ad-Hoc|iPhone.ActiveCfg = Release|Any CPU
		{FCD510D8-D777-4CFB-BF99-3B2F432E4665}.Ad-Hoc|iPhone.Build.0 = Release|Any CPU
		{FCD510D8-D777-4CFB-BF99-3B2F432E4665}.Ad-Hoc|iPhone.Deploy.0 = Release|Any CPU
		{FCD510D8-D777-4CFB-BF99-3B2F432E4665}.Ad-Hoc|iPhoneSimulator.ActiveCfg = Release|Any CPU
		{FCD510D8-D777-4CFB-BF99-3B2F432E4665}.Ad-Hoc|iPhoneSimulator.Build.0 = Release|Any CPU
		{FCD510D8-D777-4CFB-BF99-3B2F432E4665}.Ad-Hoc|iPhoneSimulator.Deploy.0 = Release|Any CPU
		{FCD510D8-D777-4CFB-BF99-3B2F432E4665}.AppStore|Any CPU.ActiveCfg = Release|Any CPU
		{FCD510D8-D777-4CFB-BF99-3B2F432E4665}.AppStore|Any CPU.Build.0 = Release|Any CPU
		{FCD510D8-D777-4CFB-BF99-3B2F432E4665}.AppStore|Any CPU.Deploy.0 = Release|Any CPU
		{FCD510D8-D777-4CFB-BF99-3B2F432E4665}.AppStore|iPhone.ActiveCfg = Release|Any CPU
		{FCD510D8-D777-4CFB-BF99-3B2F432E4665}.AppStore|iPhone.Build.0 = Release|Any CPU
		{FCD510D8-D777-4CFB-BF99-3B2F432E4665}.AppStore|iPhone.Deploy.0 = Release|Any CPU
		{FCD510D8-D777-4CFB-BF99-3B2F432E4665}.AppStore|iPhoneSimulator.ActiveCfg = Release|Any CPU
		{FCD510D8-D777-4CFB-BF99-3B2F432E4665}.AppStore|iPhoneSimulator.Build.0 = Release|Any CPU
		{FCD510D8-D777-4CFB-BF99-3B2F432E4665}.AppStore|iPhoneSimulator.Deploy.0 = Release|Any CPU
		{FCD510D8-D777-4CFB-BF99-3B2F432E4665}.Debug|Any CPU.ActiveCfg = Debug|Any CPU
		{FCD510D8-D777-4CFB-BF99-3B2F432E4665}.Debug|Any CPU.Build.0 = Debug|Any CPU
		{FCD510D8-D777-4CFB-BF99-3B2F432E4665}.Debug|Any CPU.Deploy.0 = Debug|Any CPU
		{FCD510D8-D777-4CFB-BF99-3B2F432E4665}.Debug|iPhone.ActiveCfg = Debug|Any CPU
		{FCD510D8-D777-4CFB-BF99-3B2F432E4665}.Debug|iPhone.Build.0 = Debug|Any CPU
		{FCD510D8-D777-4CFB-BF99-3B2F432E4665}.Debug|iPhone.Deploy.0 = Debug|Any CPU
		{FCD510D8-D777-4CFB-BF99-3B2F432E4665}.Debug|iPhoneSimulator.ActiveCfg = Debug|Any CPU
		{FCD510D8-D777-4CFB-BF99-3B2F432E4665}.Debug|iPhoneSimulator.Build.0 = Debug|Any CPU
		{FCD510D8-D777-4CFB-BF99-3B2F432E4665}.Debug|iPhoneSimulator.Deploy.0 = Debug|Any CPU
		{FCD510D8-D777-4CFB-BF99-3B2F432E4665}.Release|Any CPU.ActiveCfg = Release|Any CPU
		{FCD510D8-D777-4CFB-BF99-3B2F432E4665}.Release|Any CPU.Build.0 = Release|Any CPU
		{FCD510D8-D777-4CFB-BF99-3B2F432E4665}.Release|Any CPU.Deploy.0 = Release|Any CPU
		{FCD510D8-D777-4CFB-BF99-3B2F432E4665}.Release|iPhone.ActiveCfg = Release|Any CPU
		{FCD510D8-D777-4CFB-BF99-3B2F432E4665}.Release|iPhone.Build.0 = Release|Any CPU
		{FCD510D8-D777-4CFB-BF99-3B2F432E4665}.Release|iPhone.Deploy.0 = Release|Any CPU
		{FCD510D8-D777-4CFB-BF99-3B2F432E4665}.Release|iPhoneSimulator.ActiveCfg = Release|Any CPU
		{FCD510D8-D777-4CFB-BF99-3B2F432E4665}.Release|iPhoneSimulator.Build.0 = Release|Any CPU
		{FCD510D8-D777-4CFB-BF99-3B2F432E4665}.Release|iPhoneSimulator.Deploy.0 = Release|Any CPU
		{E2C7D983-74EE-4F0D-8672-1E760ABFBB79}.Ad-Hoc|Any CPU.ActiveCfg = Ad-Hoc|iPhone
		{E2C7D983-74EE-4F0D-8672-1E760ABFBB79}.Ad-Hoc|Any CPU.Build.0 = Ad-Hoc|iPhone
		{E2C7D983-74EE-4F0D-8672-1E760ABFBB79}.Ad-Hoc|Any CPU.Deploy.0 = Ad-Hoc|iPhone
		{E2C7D983-74EE-4F0D-8672-1E760ABFBB79}.Ad-Hoc|iPhone.ActiveCfg = Ad-Hoc|iPhone
		{E2C7D983-74EE-4F0D-8672-1E760ABFBB79}.Ad-Hoc|iPhone.Build.0 = Ad-Hoc|iPhone
		{E2C7D983-74EE-4F0D-8672-1E760ABFBB79}.Ad-Hoc|iPhone.Deploy.0 = Ad-Hoc|iPhone
		{E2C7D983-74EE-4F0D-8672-1E760ABFBB79}.Ad-Hoc|iPhoneSimulator.ActiveCfg = Ad-Hoc|iPhoneSimulator
		{E2C7D983-74EE-4F0D-8672-1E760ABFBB79}.Ad-Hoc|iPhoneSimulator.Build.0 = Ad-Hoc|iPhoneSimulator
		{E2C7D983-74EE-4F0D-8672-1E760ABFBB79}.Ad-Hoc|iPhoneSimulator.Deploy.0 = Ad-Hoc|iPhoneSimulator
		{E2C7D983-74EE-4F0D-8672-1E760ABFBB79}.AppStore|Any CPU.ActiveCfg = AppStore|iPhone
		{E2C7D983-74EE-4F0D-8672-1E760ABFBB79}.AppStore|Any CPU.Build.0 = AppStore|iPhone
		{E2C7D983-74EE-4F0D-8672-1E760ABFBB79}.AppStore|Any CPU.Deploy.0 = AppStore|iPhone
		{E2C7D983-74EE-4F0D-8672-1E760ABFBB79}.AppStore|iPhone.ActiveCfg = AppStore|iPhone
		{E2C7D983-74EE-4F0D-8672-1E760ABFBB79}.AppStore|iPhone.Build.0 = AppStore|iPhone
		{E2C7D983-74EE-4F0D-8672-1E760ABFBB79}.AppStore|iPhone.Deploy.0 = AppStore|iPhone
		{E2C7D983-74EE-4F0D-8672-1E760ABFBB79}.AppStore|iPhoneSimulator.ActiveCfg = AppStore|iPhoneSimulator
		{E2C7D983-74EE-4F0D-8672-1E760ABFBB79}.AppStore|iPhoneSimulator.Build.0 = AppStore|iPhoneSimulator
		{E2C7D983-74EE-4F0D-8672-1E760ABFBB79}.AppStore|iPhoneSimulator.Deploy.0 = AppStore|iPhoneSimulator
		{E2C7D983-74EE-4F0D-8672-1E760ABFBB79}.Debug|Any CPU.ActiveCfg = Debug|iPhoneSimulator
		{E2C7D983-74EE-4F0D-8672-1E760ABFBB79}.Debug|Any CPU.Build.0 = Debug|iPhoneSimulator
		{E2C7D983-74EE-4F0D-8672-1E760ABFBB79}.Debug|Any CPU.Deploy.0 = Debug|iPhoneSimulator
		{E2C7D983-74EE-4F0D-8672-1E760ABFBB79}.Debug|iPhone.ActiveCfg = Debug|iPhone
		{E2C7D983-74EE-4F0D-8672-1E760ABFBB79}.Debug|iPhone.Build.0 = Debug|iPhone
		{E2C7D983-74EE-4F0D-8672-1E760ABFBB79}.Debug|iPhone.Deploy.0 = Debug|iPhone
		{E2C7D983-74EE-4F0D-8672-1E760ABFBB79}.Debug|iPhoneSimulator.ActiveCfg = Debug|iPhoneSimulator
		{E2C7D983-74EE-4F0D-8672-1E760ABFBB79}.Debug|iPhoneSimulator.Build.0 = Debug|iPhoneSimulator
		{E2C7D983-74EE-4F0D-8672-1E760ABFBB79}.Debug|iPhoneSimulator.Deploy.0 = Debug|iPhoneSimulator
		{E2C7D983-74EE-4F0D-8672-1E760ABFBB79}.Release|Any CPU.ActiveCfg = Release|iPhone
		{E2C7D983-74EE-4F0D-8672-1E760ABFBB79}.Release|Any CPU.Build.0 = Release|iPhone
		{E2C7D983-74EE-4F0D-8672-1E760ABFBB79}.Release|Any CPU.Deploy.0 = Release|iPhone
		{E2C7D983-74EE-4F0D-8672-1E760ABFBB79}.Release|iPhone.ActiveCfg = Release|iPhone
		{E2C7D983-74EE-4F0D-8672-1E760ABFBB79}.Release|iPhone.Build.0 = Release|iPhone
		{E2C7D983-74EE-4F0D-8672-1E760ABFBB79}.Release|iPhone.Deploy.0 = Release|iPhone
		{E2C7D983-74EE-4F0D-8672-1E760ABFBB79}.Release|iPhoneSimulator.ActiveCfg = Release|iPhoneSimulator
		{E2C7D983-74EE-4F0D-8672-1E760ABFBB79}.Release|iPhoneSimulator.Build.0 = Release|iPhoneSimulator
		{E2C7D983-74EE-4F0D-8672-1E760ABFBB79}.Release|iPhoneSimulator.Deploy.0 = Release|iPhoneSimulator
		{933B9F99-C2EC-461B-8888-9A2B2CDF709F}.Ad-Hoc|Any CPU.ActiveCfg = Debug|Any CPU
		{933B9F99-C2EC-461B-8888-9A2B2CDF709F}.Ad-Hoc|Any CPU.Build.0 = Debug|Any CPU
		{933B9F99-C2EC-461B-8888-9A2B2CDF709F}.Ad-Hoc|Any CPU.Deploy.0 = Debug|Any CPU
		{933B9F99-C2EC-461B-8888-9A2B2CDF709F}.Ad-Hoc|iPhone.ActiveCfg = Debug|Any CPU
		{933B9F99-C2EC-461B-8888-9A2B2CDF709F}.Ad-Hoc|iPhone.Build.0 = Debug|Any CPU
		{933B9F99-C2EC-461B-8888-9A2B2CDF709F}.Ad-Hoc|iPhone.Deploy.0 = Debug|Any CPU
		{933B9F99-C2EC-461B-8888-9A2B2CDF709F}.Ad-Hoc|iPhoneSimulator.ActiveCfg = Debug|Any CPU
		{933B9F99-C2EC-461B-8888-9A2B2CDF709F}.Ad-Hoc|iPhoneSimulator.Build.0 = Debug|Any CPU
		{933B9F99-C2EC-461B-8888-9A2B2CDF709F}.Ad-Hoc|iPhoneSimulator.Deploy.0 = Debug|Any CPU
		{933B9F99-C2EC-461B-8888-9A2B2CDF709F}.AppStore|Any CPU.ActiveCfg = Debug|Any CPU
		{933B9F99-C2EC-461B-8888-9A2B2CDF709F}.AppStore|Any CPU.Build.0 = Debug|Any CPU
		{933B9F99-C2EC-461B-8888-9A2B2CDF709F}.AppStore|Any CPU.Deploy.0 = Debug|Any CPU
		{933B9F99-C2EC-461B-8888-9A2B2CDF709F}.AppStore|iPhone.ActiveCfg = Debug|Any CPU
		{933B9F99-C2EC-461B-8888-9A2B2CDF709F}.AppStore|iPhone.Build.0 = Debug|Any CPU
		{933B9F99-C2EC-461B-8888-9A2B2CDF709F}.AppStore|iPhone.Deploy.0 = Debug|Any CPU
		{933B9F99-C2EC-461B-8888-9A2B2CDF709F}.AppStore|iPhoneSimulator.ActiveCfg = Debug|Any CPU
		{933B9F99-C2EC-461B-8888-9A2B2CDF709F}.AppStore|iPhoneSimulator.Build.0 = Debug|Any CPU
		{933B9F99-C2EC-461B-8888-9A2B2CDF709F}.AppStore|iPhoneSimulator.Deploy.0 = Debug|Any CPU
		{933B9F99-C2EC-461B-8888-9A2B2CDF709F}.Debug|Any CPU.ActiveCfg = Debug|Any CPU
		{933B9F99-C2EC-461B-8888-9A2B2CDF709F}.Debug|Any CPU.Build.0 = Debug|Any CPU
		{933B9F99-C2EC-461B-8888-9A2B2CDF709F}.Debug|Any CPU.Deploy.0 = Debug|Any CPU
		{933B9F99-C2EC-461B-8888-9A2B2CDF709F}.Debug|iPhone.ActiveCfg = Debug|Any CPU
		{933B9F99-C2EC-461B-8888-9A2B2CDF709F}.Debug|iPhone.Build.0 = Debug|Any CPU
		{933B9F99-C2EC-461B-8888-9A2B2CDF709F}.Debug|iPhone.Deploy.0 = Debug|Any CPU
		{933B9F99-C2EC-461B-8888-9A2B2CDF709F}.Debug|iPhoneSimulator.ActiveCfg = Debug|Any CPU
		{933B9F99-C2EC-461B-8888-9A2B2CDF709F}.Debug|iPhoneSimulator.Build.0 = Debug|Any CPU
		{933B9F99-C2EC-461B-8888-9A2B2CDF709F}.Debug|iPhoneSimulator.Deploy.0 = Debug|Any CPU
		{933B9F99-C2EC-461B-8888-9A2B2CDF709F}.Release|Any CPU.ActiveCfg = Release|Any CPU
		{933B9F99-C2EC-461B-8888-9A2B2CDF709F}.Release|Any CPU.Build.0 = Release|Any CPU
		{933B9F99-C2EC-461B-8888-9A2B2CDF709F}.Release|Any CPU.Deploy.0 = Release|Any CPU
		{933B9F99-C2EC-461B-8888-9A2B2CDF709F}.Release|iPhone.ActiveCfg = Release|Any CPU
		{933B9F99-C2EC-461B-8888-9A2B2CDF709F}.Release|iPhone.Build.0 = Release|Any CPU
		{933B9F99-C2EC-461B-8888-9A2B2CDF709F}.Release|iPhone.Deploy.0 = Release|Any CPU
		{933B9F99-C2EC-461B-8888-9A2B2CDF709F}.Release|iPhoneSimulator.ActiveCfg = Release|Any CPU
		{933B9F99-C2EC-461B-8888-9A2B2CDF709F}.Release|iPhoneSimulator.Build.0 = Release|Any CPU
		{933B9F99-C2EC-461B-8888-9A2B2CDF709F}.Release|iPhoneSimulator.Deploy.0 = Release|Any CPU
	EndGlobalSection
	GlobalSection(SolutionProperties) = preSolution
		HideSolutionNode = FALSE
	EndGlobalSection
	GlobalSection(ExtensibilityGlobals) = postSolution
		SolutionGuid = {6C5A34FA-12D2-4EFB-8B76-961FD85799CE}
	EndGlobalSection
EndGlobal
